// !$*UTF8*$!
{
	archiveVersion = 1;
	classes = {
	};
	objectVersion = 50;
	objects = {

/* Begin PBXBuildFile section */
		89E68C6D27A8596A00099170 /* AppDelegate.swift in Sources */ = {isa = PBXBuildFile; fileRef = 89E68C6C27A8596A00099170 /* AppDelegate.swift */; };
		89E68C6F27A8596A00099170 /* SceneDelegate.swift in Sources */ = {isa = PBXBuildFile; fileRef = 89E68C6E27A8596A00099170 /* SceneDelegate.swift */; };
		89E68C7127A8596A00099170 /* ViewController.swift in Sources */ = {isa = PBXBuildFile; fileRef = 89E68C7027A8596A00099170 /* ViewController.swift */; };
		89E68C7427A8596A00099170 /* Main.storyboard in Resources */ = {isa = PBXBuildFile; fileRef = 89E68C7227A8596A00099170 /* Main.storyboard */; };
		89E68C7627A8597700099170 /* Assets.xcassets in Resources */ = {isa = PBXBuildFile; fileRef = 89E68C7527A8597700099170 /* Assets.xcassets */; };
		89E68C7927A8597700099170 /* LaunchScreen.storyboard in Resources */ = {isa = PBXBuildFile; fileRef = 89E68C7727A8597700099170 /* LaunchScreen.storyboard */; };
		89E68C8327A859E100099170 /* Persistance.swift in Sources */ = {isa = PBXBuildFile; fileRef = 89E68C8227A859E100099170 /* Persistance.swift */; };
/* End PBXBuildFile section */

/* Begin PBXFileReference section */
		89E68C6927A8596A00099170 /* ToDoListWithRealm.app */ = {isa = PBXFileReference; explicitFileType = wrapper.application; includeInIndex = 0; path = ToDoListWithRealm.app; sourceTree = BUILT_PRODUCTS_DIR; };
		89E68C6C27A8596A00099170 /* AppDelegate.swift */ = {isa = PBXFileReference; lastKnownFileType = sourcecode.swift; path = AppDelegate.swift; sourceTree = "<group>"; };
		89E68C6E27A8596A00099170 /* SceneDelegate.swift */ = {isa = PBXFileReference; lastKnownFileType = sourcecode.swift; path = SceneDelegate.swift; sourceTree = "<group>"; };
		89E68C7027A8596A00099170 /* ViewController.swift */ = {isa = PBXFileReference; lastKnownFileType = sourcecode.swift; path = ViewController.swift; sourceTree = "<group>"; };
		89E68C7327A8596A00099170 /* Base */ = {isa = PBXFileReference; lastKnownFileType = file.storyboard; name = Base; path = Base.lproj/Main.storyboard; sourceTree = "<group>"; };
		89E68C7527A8597700099170 /* Assets.xcassets */ = {isa = PBXFileReference; lastKnownFileType = folder.assetcatalog; path = Assets.xcassets; sourceTree = "<group>"; };
		89E68C7827A8597700099170 /* Base */ = {isa = PBXFileReference; lastKnownFileType = file.storyboard; name = Base; path = Base.lproj/LaunchScreen.storyboard; sourceTree = "<group>"; };
		89E68C7A27A8597700099170 /* Info.plist */ = {isa = PBXFileReference; lastKnownFileType = text.plist.xml; path = Info.plist; sourceTree = "<group>"; };
		89E68C8227A859E100099170 /* Persistance.swift */ = {isa = PBXFileReference; lastKnownFileType = sourcecode.swift; path = Persistance.swift; sourceTree = "<group>"; };
/* End PBXFileReference section */

/* Begin PBXFrameworksBuildPhase section */
		89E68C6627A8596A00099170 /* Frameworks */ = {
			isa = PBXFrameworksBuildPhase;
			buildActionMask = 2147483647;
			files = (
			);
			runOnlyForDeploymentPostprocessing = 0;
		};
/* End PBXFrameworksBuildPhase section */

/* Begin PBXGroup section */
		89E68C6027A8596A00099170 = {
			isa = PBXGroup;
			children = (
				89E68C6B27A8596A00099170 /* ToDoListWithRealm */,
				89E68C6A27A8596A00099170 /* Products */,
			);
			sourceTree = "<group>";
		};
		89E68C6A27A8596A00099170 /* Products */ = {
			isa = PBXGroup;
			children = (
				89E68C6927A8596A00099170 /* ToDoListWithRealm.app */,
			);
			name = Products;
			sourceTree = "<group>";
		};
		89E68C6B27A8596A00099170 /* ToDoListWithRealm */ = {
			isa = PBXGroup;
			children = (
				89E68C8127A859C500099170 /* Model */,
				89E68C6C27A8596A00099170 /* AppDelegate.swift */,
				89E68C6E27A8596A00099170 /* SceneDelegate.swift */,
				89E68C7027A8596A00099170 /* ViewController.swift */,
				89E68C7227A8596A00099170 /* Main.storyboard */,
				89E68C7527A8597700099170 /* Assets.xcassets */,
				89E68C7727A8597700099170 /* LaunchScreen.storyboard */,
				89E68C7A27A8597700099170 /* Info.plist */,
			);
			path = ToDoListWithRealm;
			sourceTree = "<group>";
		};
		89E68C8127A859C500099170 /* Model */ = {
			isa = PBXGroup;
			children = (
				89E68C8227A859E100099170 /* Persistance.swift */,
			);
			path = Model;
			sourceTree = "<group>";
		};
/* End PBXGroup section */

/* Begin PBXNativeTarget section */
		89E68C6827A8596A00099170 /* ToDoListWithRealm */ = {
			isa = PBXNativeTarget;
			buildConfigurationList = 89E68C7D27A8597700099170 /* Build configuration list for PBXNativeTarget "ToDoListWithRealm" */;
			buildPhases = (
				89E68C6527A8596A00099170 /* Sources */,
				89E68C6627A8596A00099170 /* Frameworks */,
				89E68C6727A8596A00099170 /* Resources */,
			);
			buildRules = (
			);
			dependencies = (
			);
			name = ToDoListWithRealm;
			productName = ToDoListWithRealm;
			productReference = 89E68C6927A8596A00099170 /* ToDoListWithRealm.app */;
			productType = "com.apple.product-type.application";
		};
/* End PBXNativeTarget section */

/* Begin PBXProject section */
		89E68C6127A8596A00099170 /* Project object */ = {
			isa = PBXProject;
			attributes = {
				LastSwiftUpdateCheck = 1240;
				LastUpgradeCheck = 1240;
				TargetAttributes = {
					89E68C6827A8596A00099170 = {
						CreatedOnToolsVersion = 12.4;
					};
				};
			};
			buildConfigurationList = 89E68C6427A8596A00099170 /* Build configuration list for PBXProject "ToDoListWithRealm" */;
			compatibilityVersion = "Xcode 9.3";
			developmentRegion = en;
			hasScannedForEncodings = 0;
			knownRegions = (
				en,
				Base,
			);
			mainGroup = 89E68C6027A8596A00099170;
			productRefGroup = 89E68C6A27A8596A00099170 /* Products */;
			projectDirPath = "";
			projectRoot = "";
			targets = (
				89E68C6827A8596A00099170 /* ToDoListWithRealm */,
			);
		};
/* End PBXProject section */

/* Begin PBXResourcesBuildPhase section */
		89E68C6727A8596A00099170 /* Resources */ = {
			isa = PBXResourcesBuildPhase;
			buildActionMask = 2147483647;
			files = (
				89E68C7927A8597700099170 /* LaunchScreen.storyboard in Resources */,
				89E68C7627A8597700099170 /* Assets.xcassets in Resources */,
				89E68C7427A8596A00099170 /* Main.storyboard in Resources */,
			);
			runOnlyForDeploymentPostprocessing = 0;
		};
/* End PBXResourcesBuildPhase section */

/* Begin PBXSourcesBuildPhase section */
		89E68C6527A8596A00099170 /* Sources */ = {
			isa = PBXSourcesBuildPhase;
			buildActionMask = 2147483647;
			files = (
				89E68C7127A8596A00099170 /* ViewController.swift in Sources */,
				89E68C8327A859E100099170 /* Persistance.swift in Sources */,
				89E68C6D27A8596A00099170 /* AppDelegate.swift in Sources */,
				89E68C6F27A8596A00099170 /* SceneDelegate.swift in Sources */,
			);
			runOnlyForDeploymentPostprocessing = 0;
		};
/* End PBXSourcesBuildPhase section */

/* Begin PBXVariantGroup section */
		89E68C7227A8596A00099170 /* Main.storyboard */ = {
			isa = PBXVariantGroup;
			children = (
				89E68C7327A8596A00099170 /* Base */,
			);
			name = Main.storyboard;
			sourceTree = "<group>";
		};
		89E68C7727A8597700099170 /* LaunchScreen.storyboard */ = {
			isa = PBXVariantGroup;
			children = (
				89E68C7827A8597700099170 /* Base */,
			);
			name = LaunchScreen.storyboard;
			sourceTree = "<group>";
		};
/* End PBXVariantGroup section */

/* Begin XCBuildConfiguration section */
		89E68C7B27A8597700099170 /* Debug */ = {
			isa = XCBuildConfiguration;
			buildSettings = {
				ALWAYS_SEARCH_USER_PATHS = NO;
				CLANG_ANALYZER_NONNULL = YES;
				CLANG_ANALYZER_NUMBER_OBJECT_CONVERSION = YES_AGGRESSIVE;
				CLANG_CXX_LANGUAGE_STANDARD = "gnu++14";
				CLANG_CXX_LIBRARY = "libc++";
				CLANG_ENABLE_MODULES = YES;
				CLANG_ENABLE_OBJC_ARC = YES;
				CLANG_ENABLE_OBJC_WEAK = YES;
				CLANG_WARN_BLOCK_CAPTURE_AUTORELEASING = YES;
				CLANG_WARN_BOOL_CONVERSION = YES;
				CLANG_WARN_COMMA = YES;
				CLANG_WARN_CONSTANT_CONVERSION = YES;
				CLANG_WARN_DEPRECATED_OBJC_IMPLEMENTATIONS = YES;
				CLANG_WARN_DIRECT_OBJC_ISA_USAGE = YES_ERROR;
				CLANG_WARN_DOCUMENTATION_COMMENTS = YES;
				CLANG_WARN_EMPTY_BODY = YES;
				CLANG_WARN_ENUM_CONVERSION = YES;
				CLANG_WARN_INFINITE_RECURSION = YES;
				CLANG_WARN_INT_CONVERSION = YES;
				CLANG_WARN_NON_LITERAL_NULL_CONVERSION = YES;
				CLANG_WARN_OBJC_IMPLICIT_RETAIN_SELF = YES;
				CLANG_WARN_OBJC_LITERAL_CONVERSION = YES;
				CLANG_WARN_OBJC_ROOT_CLASS = YES_ERROR;
				CLANG_WARN_QUOTED_INCLUDE_IN_FRAMEWORK_HEADER = YES;
				CLANG_WARN_RANGE_LOOP_ANALYSIS = YES;
				CLANG_WARN_STRICT_PROTOTYPES = YES;
				CLANG_WARN_SUSPICIOUS_MOVE = YES;
				CLANG_WARN_UNGUARDED_AVAILABILITY = YES_AGGRESSIVE;
				CLANG_WARN_UNREACHABLE_CODE = YES;
				CLANG_WARN__DUPLICATE_METHOD_MATCH = YES;
				COPY_PHASE_STRIP = NO;
				DEBUG_INFORMATION_FORMAT = dwarf;
				ENABLE_STRICT_OBJC_MSGSEND = YES;
				ENABLE_TESTABILITY = YES;
				GCC_C_LANGUAGE_STANDARD = gnu11;
				GCC_DYNAMIC_NO_PIC = NO;
				GCC_NO_COMMON_BLOCKS = YES;
				GCC_OPTIMIZATION_LEVEL = 0;
				GCC_PREPROCESSOR_DEFINITIONS = (
					"DEBUG=1",
					"$(inherited)",
				);
				GCC_WARN_64_TO_32_BIT_CONVERSION = YES;
				GCC_WARN_ABOUT_RETURN_TYPE = YES_ERROR;
				GCC_WARN_UNDECLARED_SELECTOR = YES;
				GCC_WARN_UNINITIALIZED_AUTOS = YES_AGGRESSIVE;
				GCC_WARN_UNUSED_FUNCTION = YES;
				GCC_WARN_UNUSED_VARIABLE = YES;
				IPHONEOS_DEPLOYMENT_TARGET = 14.4;
				MTL_ENABLE_DEBUG_INFO = INCLUDE_SOURCE;
				MTL_FAST_MATH = YES;
				ONLY_ACTIVE_ARCH = YES;
				SDKROOT = iphoneos;
				SWIFT_ACTIVE_COMPILATION_CONDITIONS = DEBUG;
				SWIFT_OPTIMIZATION_LEVEL = "-Onone";
			};
			name = Debug;
		};
		89E68C7C27A8597700099170 /* Release */ = {
			isa = XCBuildConfiguration;
			buildSettings = {
				ALWAYS_SEARCH_USER_PATHS = NO;
				CLANG_ANALYZER_NONNULL = YES;
				CLANG_ANALYZER_NUMBER_OBJECT_CONVERSION = YES_AGGRESSIVE;
				CLANG_CXX_LANGUAGE_STANDARD = "gnu++14";
				CLANG_CXX_LIBRARY = "libc++";
				CLANG_ENABLE_MODULES = YES;
				CLANG_ENABLE_OBJC_ARC = YES;
				CLANG_ENABLE_OBJC_WEAK = YES;
				CLANG_WARN_BLOCK_CAPTURE_AUTORELEASING = YES;
				CLANG_WARN_BOOL_CONVERSION = YES;
				CLANG_WARN_COMMA = YES;
				CLANG_WARN_CONSTANT_CONVERSION = YES;
				CLANG_WARN_DEPRECATED_OBJC_IMPLEMENTATIONS = YES;
				CLANG_WARN_DIRECT_OBJC_ISA_USAGE = YES_ERROR;
				CLANG_WARN_DOCUMENTATION_COMMENTS = YES;
				CLANG_WARN_EMPTY_BODY = YES;
				CLANG_WARN_ENUM_CONVERSION = YES;
				CLANG_WARN_INFINITE_RECURSION = YES;
				CLANG_WARN_INT_CONVERSION = YES;
				CLANG_WARN_NON_LITERAL_NULL_CONVERSION = YES;
				CLANG_WARN_OBJC_IMPLICIT_RETAIN_SELF = YES;
				CLANG_WARN_OBJC_LITERAL_CONVERSION = YES;
				CLANG_WARN_OBJC_ROOT_CLASS = YES_ERROR;
				CLANG_WARN_QUOTED_INCLUDE_IN_FRAMEWORK_HEADER = YES;
				CLANG_WARN_RANGE_LOOP_ANALYSIS = YES;
				CLANG_WARN_STRICT_PROTOTYPES = YES;
				CLANG_WARN_SUSPICIOUS_MOVE = YES;
				CLANG_WARN_UNGUARDED_AVAILABILITY = YES_AGGRESSIVE;
				CLANG_WARN_UNREACHABLE_CODE = YES;
				CLANG_WARN__DUPLICATE_METHOD_MATCH = YES;
				COPY_PHASE_STRIP = NO;
				DEBUG_INFORMATION_FORMAT = "dwarf-with-dsym";
				ENABLE_NS_ASSERTIONS = NO;
				ENABLE_STRICT_OBJC_MSGSEND = YES;
				GCC_C_LANGUAGE_STANDARD = gnu11;
				GCC_NO_COMMON_BLOCKS = YES;
				GCC_WARN_64_TO_32_BIT_CONVERSION = YES;
				GCC_WARN_ABOUT_RETURN_TYPE = YES_ERROR;
				GCC_WARN_UNDECLARED_SELECTOR = YES;
				GCC_WARN_UNINITIALIZED_AUTOS = YES_AGGRESSIVE;
				GCC_WARN_UNUSED_FUNCTION = YES;
				GCC_WARN_UNUSED_VARIABLE = YES;
				IPHONEOS_DEPLOYMENT_TARGET = 14.4;
				MTL_ENABLE_DEBUG_INFO = NO;
				MTL_FAST_MATH = YES;
				SDKROOT = iphoneos;
				SWIFT_COMPILATION_MODE = wholemodule;
				SWIFT_OPTIMIZATION_LEVEL = "-O";
				VALIDATE_PRODUCT = YES;
			};
			name = Release;
		};
		89E68C7E27A8597700099170 /* Debug */ = {
			isa = XCBuildConfiguration;
			buildSettings = {
				ASSETCATALOG_COMPILER_APPICON_NAME = AppIcon;
				ASSETCATALOG_COMPILER_GLOBAL_ACCENT_COLOR_NAME = AccentColor;
				CODE_SIGN_STYLE = Automatic;
				INFOPLIST_FILE = ToDoListWithRealm/Info.plist;
				LD_RUNPATH_SEARCH_PATHS = (
					"$(inherited)",
					"@executable_path/Frameworks",
				);
				PRODUCT_BUNDLE_IDENTIFIER = alp.ToDoListWithRealm;
				PRODUCT_NAME = "$(TARGET_NAME)";
				SWIFT_VERSION = 5.0;
				TARGETED_DEVICE_FAMILY = "1,2";
			};
			name = Debug;
		};
		89E68C7F27A8597700099170 /* Release */ = {
			isa = XCBuildConfiguration;
			buildSettings = {
				ASSETCATALOG_COMPILER_APPICON_NAME = AppIcon;
				ASSETCATALOG_COMPILER_GLOBAL_ACCENT_COLOR_NAME = AccentColor;
				CODE_SIGN_STYLE = Automatic;
				INFOPLIST_FILE = ToDoListWithRealm/Info.plist;
				LD_RUNPATH_SEARCH_PATHS = (
					"$(inherited)",
					"@executable_path/Frameworks",
				);
				PRODUCT_BUNDLE_IDENTIFIER = alp.ToDoListWithRealm;
				PRODUCT_NAME = "$(TARGET_NAME)";
				SWIFT_VERSION = 5.0;
				TARGETED_DEVICE_FAMILY = "1,2";
			};
			name = Release;
		};
/* End XCBuildConfiguration section */

/* Begin XCConfigurationList section */
		89E68C6427A8596A00099170 /* Build configuration list for PBXProject "ToDoListWithRealm" */ = {
			isa = XCConfigurationList;
			buildConfigurations = (
				89E68C7B27A8597700099170 /* Debug */,
				89E68C7C27A8597700099170 /* Release */,
			);
			defaultConfigurationIsVisible = 0;
			defaultConfigurationName = Release;
		};
		89E68C7D27A8597700099170 /* Build configuration list for PBXNativeTarget "ToDoListWithRealm" */ = {
			isa = XCConfigurationList;
			buildConfigurations = (
				89E68C7E27A8597700099170 /* Debug */,
				89E68C7F27A8597700099170 /* Release */,
			);
			defaultConfigurationIsVisible = 0;
			defaultConfigurationName = Release;
		};
/* End XCConfigurationList section */
	};
	rootObject = 89E68C6127A8596A00099170 /* Project object */;
}
